Microsoft Visual Studio Solution File, Format Version 12.00
# Visual Studio Version 17
VisualStudioVersion = 17.5.2.0
MinimumVisualStudioVersion = 10.0.40219.1
Project("{FAE04EC0-301F-11D3-BF4B-00C04F79EFBC}") = "sp_back", "sp_back.csproj", "{F4A59C6F-5278-0DA6-647F-FA5B56BA2AA2}"
EndProject
Global
	GlobalSection(SolutionConfigurationPlatforms) = preSolution
		Debug|Any CPU = Debug|Any CPU
		Release|Any CPU = Release|Any CPU
	EndGlobalSection
	GlobalSection(ProjectConfigurationPlatforms) = postSolution
		{F4A59C6F-5278-0DA6-647F-FA5B56BA2AA2}.Debug|Any CPU.ActiveCfg = Debug|Any CPU
		{F4A59C6F-5278-0DA6-647F-FA5B56BA2AA2}.Debug|Any CPU.Build.0 = Debug|Any CPU
		{F4A59C6F-5278-0DA6-647F-FA5B56BA2AA2}.Release|Any CPU.ActiveCfg = Release|Any CPU
		{F4A59C6F-5278-0DA6-647F-FA5B56BA2AA2}.Release|Any CPU.Build.0 = Release|Any CPU
	EndGlobalSection
	GlobalSection(SolutionProperties) = preSolution
		HideSolutionNode = FALSE
	EndGlobalSection
	GlobalSection(ExtensibilityGlobals) = postSolution
		SolutionGuid = {8B84876A-EC33-4395-B9DF-243382D5A9CE}
	EndGlobalSection
EndGlobal
